
Microsoft Visual Studio Solution File, Format Version 12.00
# Visual Studio Version 16
VisualStudioVersion = 16.0.30011.22
MinimumVisualStudioVersion = 10.0.40219.1
Project("{FAE04EC0-301F-11D3-BF4B-00C04F79EFBC}") = "M-Chat.UI", "M-Chat.UI\M-Chat.UI.csproj", "{946F1EED-8801-4A27-AAE1-3C870C75B40D}"
EndProject
Project("{FAE04EC0-301F-11D3-BF4B-00C04F79EFBC}") = "M-Chat.Models", "M-Chat.Models\M-Chat.Models.csproj", "{CEB40E7F-1AE9-4F31-925D-2D3C8D027811}"
EndProject
Project("{FAE04EC0-301F-11D3-BF4B-00C04F79EFBC}") = "M-Chat.Services", "M-Chat.Services\M-Chat.Services.csproj", "{546CBC1A-3FDB-4E3C-A1A6-3A76CF84C799}"
EndProject
Global
	GlobalSection(SolutionConfigurationPlatforms) = preSolution
		Debug|Any CPU = Debug|Any CPU
		Release|Any CPU = Release|Any CPU
	EndGlobalSection
	GlobalSection(ProjectConfigurationPlatforms) = postSolution
		{946F1EED-8801-4A27-AAE1-3C870C75B40D}.Debug|Any CPU.ActiveCfg = Debug|Any CPU
		{946F1EED-8801-4A27-AAE1-3C870C75B40D}.Debug|Any CPU.Build.0 = Debug|Any CPU
		{946F1EED-8801-4A27-AAE1-3C870C75B40D}.Release|Any CPU.ActiveCfg = Release|Any CPU
		{946F1EED-8801-4A27-AAE1-3C870C75B40D}.Release|Any CPU.Build.0 = Release|Any CPU
		{CEB40E7F-1AE9-4F31-925D-2D3C8D027811}.Debug|Any CPU.ActiveCfg = Debug|Any CPU
		{CEB40E7F-1AE9-4F31-925D-2D3C8D027811}.Debug|Any CPU.Build.0 = Debug|Any CPU
		{CEB40E7F-1AE9-4F31-925D-2D3C8D027811}.Release|Any CPU.ActiveCfg = Release|Any CPU
		{CEB40E7F-1AE9-4F31-925D-2D3C8D027811}.Release|Any CPU.Build.0 = Release|Any CPU
		{546CBC1A-3FDB-4E3C-A1A6-3A76CF84C799}.Debug|Any CPU.ActiveCfg = Debug|Any CPU
		{546CBC1A-3FDB-4E3C-A1A6-3A76CF84C799}.Debug|Any CPU.Build.0 = Debug|Any CPU
		{546CBC1A-3FDB-4E3C-A1A6-3A76CF84C799}.Release|Any CPU.ActiveCfg = Release|Any CPU
		{546CBC1A-3FDB-4E3C-A1A6-3A76CF84C799}.Release|Any CPU.Build.0 = Release|Any CPU
	EndGlobalSection
	GlobalSection(SolutionProperties) = preSolution
		HideSolutionNode = FALSE
	EndGlobalSection
	GlobalSection(ExtensibilityGlobals) = postSolution
		SolutionGuid = {D22297EE-49FE-4866-808C-4767A9F26F2F}
	EndGlobalSection
EndGlobal
